// !$*UTF8*$!
{
	archiveVersion = 1;
	classes = {
	};
	objectVersion = 50;
	objects = {

/* Begin PBXBuildFile section */
		C5FEB27D22EF0EAE001EC21D /* AppDelegate.swift in Sources */ = {isa = PBXBuildFile; fileRef = C5FEB27C22EF0EAE001EC21D /* AppDelegate.swift */; };
		C5FEB27F22EF0EAE001EC21D /* ViewController.swift in Sources */ = {isa = PBXBuildFile; fileRef = C5FEB27E22EF0EAE001EC21D /* ViewController.swift */; };
		C5FEB28222EF0EAE001EC21D /* Main.storyboard in Resources */ = {isa = PBXBuildFile; fileRef = C5FEB28022EF0EAE001EC21D /* Main.storyboard */; };
		C5FEB28422EF0EAF001EC21D /* Assets.xcassets in Resources */ = {isa = PBXBuildFile; fileRef = C5FEB28322EF0EAF001EC21D /* Assets.xcassets */; };
		C5FEB28722EF0EAF001EC21D /* LaunchScreen.storyboard in Resources */ = {isa = PBXBuildFile; fileRef = C5FEB28522EF0EAF001EC21D /* LaunchScreen.storyboard */; };
/* End PBXBuildFile section */

/* Begin PBXFileReference section */
		C5FEB27922EF0EAE001EC21D /* DesignPatternMediatorExample.app */ = {isa = PBXFileReference; explicitFileType = wrapper.application; includeInIndex = 0; path = DesignPatternMediatorExample.app; sourceTree = BUILT_PRODUCTS_DIR; };
		C5FEB27C22EF0EAE001EC21D /* AppDelegate.swift */ = {isa = PBXFileReference; lastKnownFileType = sourcecode.swift; path = AppDelegate.swift; sourceTree = "<group>"; };
		C5FEB27E22EF0EAE001EC21D /* ViewController.swift */ = {isa = PBXFileReference; lastKnownFileType = sourcecode.swift; path = ViewController.swift; sourceTree = "<group>"; };
		C5FEB28122EF0EAE001EC21D /* Base */ = {isa = PBXFileReference; lastKnownFileType = file.storyboard; name = Base; path = Base.lproj/Main.storyboard; sourceTree = "<group>"; };
		C5FEB28322EF0EAF001EC21D /* Assets.xcassets */ = {isa = PBXFileReference; lastKnownFileType = folder.assetcatalog; path = Assets.xcassets; sourceTree = "<group>"; };
		C5FEB28622EF0EAF001EC21D /* Base */ = {isa = PBXFileReference; lastKnownFileType = file.storyboard; name = Base; path = Base.lproj/LaunchScreen.storyboard; sourceTree = "<group>"; };
		C5FEB28822EF0EAF001EC21D /* Info.plist */ = {isa = PBXFileReference; lastKnownFileType = text.plist.xml; path = Info.plist; sourceTree = "<group>"; };
/* End PBXFileReference section */

/* Begin PBXFrameworksBuildPhase section */
		C5FEB27622EF0EAE001EC21D /* Frameworks */ = {
			isa = PBXFrameworksBuildPhase;
			buildActionMask = 2147483647;
			files = (
			);
			runOnlyForDeploymentPostprocessing = 0;
		};
/* End PBXFrameworksBuildPhase section */

/* Begin PBXGroup section */
		C5FEB27022EF0EAE001EC21D = {
			isa = PBXGroup;
			children = (
				C5FEB27B22EF0EAE001EC21D /* DesignPatternMediatorExample */,
				C5FEB27A22EF0EAE001EC21D /* Products */,
			);
			sourceTree = "<group>";
		};
		C5FEB27A22EF0EAE001EC21D /* Products */ = {
			isa = PBXGroup;
			children = (
				C5FEB27922EF0EAE001EC21D /* DesignPatternMediatorExample.app */,
			);
			name = Products;
			sourceTree = "<group>";
		};
		C5FEB27B22EF0EAE001EC21D /* DesignPatternMediatorExample */ = {
			isa = PBXGroup;
			children = (
				C5FEB27C22EF0EAE001EC21D /* AppDelegate.swift */,
				C5FEB27E22EF0EAE001EC21D /* ViewController.swift */,
				C5FEB28022EF0EAE001EC21D /* Main.storyboard */,
				C5FEB28322EF0EAF001EC21D /* Assets.xcassets */,
				C5FEB28522EF0EAF001EC21D /* LaunchScreen.storyboard */,
				C5FEB28822EF0EAF001EC21D /* Info.plist */,
			);
			path = DesignPatternMediatorExample;
			sourceTree = "<group>";
		};
/* End PBXGroup section */

/* Begin PBXNativeTarget section */
		C5FEB27822EF0EAE001EC21D /* DesignPatternMediatorExample */ = {
			isa = PBXNativeTarget;
			buildConfigurationList = C5FEB28B22EF0EAF001EC21D /* Build configuration list for PBXNativeTarget "DesignPatternMediatorExample" */;
			buildPhases = (
				C5FEB27522EF0EAE001EC21D /* Sources */,
				C5FEB27622EF0EAE001EC21D /* Frameworks */,
				C5FEB27722EF0EAE001EC21D /* Resources */,
			);
			buildRules = (
			);
			dependencies = (
			);
			name = DesignPatternMediatorExample;
			productName = DesignPatternMediatorExample;
			productReference = C5FEB27922EF0EAE001EC21D /* DesignPatternMediatorExample.app */;
			productType = "com.apple.product-type.application";
		};
/* End PBXNativeTarget section */

/* Begin PBXProject section */
		C5FEB27122EF0EAE001EC21D /* Project object */ = {
			isa = PBXProject;
			attributes = {
				LastSwiftUpdateCheck = 1020;
				LastUpgradeCheck = 1020;
				ORGANIZATIONNAME = "Ihor Myroniuk";
				TargetAttributes = {
					C5FEB27822EF0EAE001EC21D = {
						CreatedOnToolsVersion = 10.2.1;
					};
				};
			};
			buildConfigurationList = C5FEB27422EF0EAE001EC21D /* Build configuration list for PBXProject "DesignPatternMediatorExample" */;
			compatibilityVersion = "Xcode 9.3";
			developmentRegion = en;
			hasScannedForEncodings = 0;
			knownRegions = (
				en,
				Base,
			);
			mainGroup = C5FEB27022EF0EAE001EC21D;
			productRefGroup = C5FEB27A22EF0EAE001EC21D /* Products */;
			projectDirPath = "";
			projectRoot = "";
			targets = (
				C5FEB27822EF0EAE001EC21D /* DesignPatternMediatorExample */,
			);
		};
/* End PBXProject section */

/* Begin PBXResourcesBuildPhase section */
		C5FEB27722EF0EAE001EC21D /* Resources */ = {
			isa = PBXResourcesBuildPhase;
			buildActionMask = 2147483647;
			files = (
				C5FEB28722EF0EAF001EC21D /* LaunchScreen.storyboard in Resources */,
				C5FEB28422EF0EAF001EC21D /* Assets.xcassets in Resources */,
				C5FEB28222EF0EAE001EC21D /* Main.storyboard in Resources */,
			);
			runOnlyForDeploymentPostprocessing = 0;
		};
/* End PBXResourcesBuildPhase section */

/* Begin PBXSourcesBuildPhase section */
		C5FEB27522EF0EAE001EC21D /* Sources */ = {
			isa = PBXSourcesBuildPhase;
			buildActionMask = 2147483647;
			files = (
				C5FEB27F22EF0EAE001EC21D /* ViewController.swift in Sources */,
				C5FEB27D22EF0EAE001EC21D /* AppDelegate.swift in Sources */,
			);
			runOnlyForDeploymentPostprocessing = 0;
		};
/* End PBXSourcesBuildPhase section */

/* Begin PBXVariantGroup section */
		C5FEB28022EF0EAE001EC21D /* Main.storyboard */ = {
			isa = PBXVariantGroup;
			children = (
				C5FEB28122EF0EAE001EC21D /* Base */,
			);
			name = Main.storyboard;
			sourceTree = "<group>";
		};
		C5FEB28522EF0EAF001EC21D /* LaunchScreen.storyboard */ = {
			isa = PBXVariantGroup;
			children = (
				C5FEB28622EF0EAF001EC21D /* Base */,
			);
			name = LaunchScreen.storyboard;
			sourceTree = "<group>";
		};
/* End PBXVariantGroup section */

/* Begin XCBuildConfiguration section */
		C5FEB28922EF0EAF001EC21D /* Debug */ = {
			isa = XCBuildConfiguration;
			buildSettings = {
				ALWAYS_SEARCH_USER_PATHS = NO;
				CLANG_ANALYZER_NONNULL = YES;
				CLANG_ANALYZER_NUMBER_OBJECT_CONVERSION = YES_AGGRESSIVE;
				CLANG_CXX_LANGUAGE_STANDARD = "gnu++14";
				CLANG_CXX_LIBRARY = "libc++";
				CLANG_ENABLE_MODULES = YES;
				CLANG_ENABLE_OBJC_ARC = YES;
				CLANG_ENABLE_OBJC_WEAK = YES;
				CLANG_WARN_BLOCK_CAPTURE_AUTORELEASING = YES;
				CLANG_WARN_BOOL_CONVERSION = YES;
				CLANG_WARN_COMMA = YES;
				CLANG_WARN_CONSTANT_CONVERSION = YES;
				CLANG_WARN_DEPRECATED_OBJC_IMPLEMENTATIONS = YES;
				CLANG_WARN_DIRECT_OBJC_ISA_USAGE = YES_ERROR;
				CLANG_WARN_DOCUMENTATION_COMMENTS = YES;
				CLANG_WARN_EMPTY_BODY = YES;
				CLANG_WARN_ENUM_CONVERSION = YES;
				CLANG_WARN_INFINITE_RECURSION = YES;
				CLANG_WARN_INT_CONVERSION = YES;
				CLANG_WARN_NON_LITERAL_NULL_CONVERSION = YES;
				CLANG_WARN_OBJC_IMPLICIT_RETAIN_SELF = YES;
				CLANG_WARN_OBJC_LITERAL_CONVERSION = YES;
				CLANG_WARN_OBJC_ROOT_CLASS = YES_ERROR;
				CLANG_WARN_RANGE_LOOP_ANALYSIS = YES;
				CLANG_WARN_STRICT_PROTOTYPES = YES;
				CLANG_WARN_SUSPICIOUS_MOVE = YES;
				CLANG_WARN_UNGUARDED_AVAILABILITY = YES_AGGRESSIVE;
				CLANG_WARN_UNREACHABLE_CODE = YES;
				CLANG_WARN__DUPLICATE_METHOD_MATCH = YES;
				CODE_SIGN_IDENTITY = "iPhone Developer";
				COPY_PHASE_STRIP = NO;
				DEBUG_INFORMATION_FORMAT = dwarf;
				ENABLE_STRICT_OBJC_MSGSEND = YES;
				ENABLE_TESTABILITY = YES;
				GCC_C_LANGUAGE_STANDARD = gnu11;
				GCC_DYNAMIC_NO_PIC = NO;
				GCC_NO_COMMON_BLOCKS = YES;
				GCC_OPTIMIZATION_LEVEL = 0;
				GCC_PREPROCESSOR_DEFINITIONS = (
					"DEBUG=1",
					"$(inherited)",
				);
				GCC_WARN_64_TO_32_BIT_CONVERSION = YES;
				GCC_WARN_ABOUT_RETURN_TYPE = YES_ERROR;
				GCC_WARN_UNDECLARED_SELECTOR = YES;
				GCC_WARN_UNINITIALIZED_AUTOS = YES_AGGRESSIVE;
				GCC_WARN_UNUSED_FUNCTION = YES;
				GCC_WARN_UNUSED_VARIABLE = YES;
				IPHONEOS_DEPLOYMENT_TARGET = 12.2;
				MTL_ENABLE_DEBUG_INFO = INCLUDE_SOURCE;
				MTL_FAST_MATH = YES;
				ONLY_ACTIVE_ARCH = YES;
				SDKROOT = iphoneos;
				SWIFT_ACTIVE_COMPILATION_CONDITIONS = DEBUG;
				SWIFT_OPTIMIZATION_LEVEL = "-Onone";
			};
			name = Debug;
		};
		C5FEB28A22EF0EAF001EC21D /* Release */ = {
			isa = XCBuildConfiguration;
			buildSettings = {
				ALWAYS_SEARCH_USER_PATHS = NO;
				CLANG_ANALYZER_NONNULL = YES;
				CLANG_ANALYZER_NUMBER_OBJECT_CONVERSION = YES_AGGRESSIVE;
				CLANG_CXX_LANGUAGE_STANDARD = "gnu++14";
				CLANG_CXX_LIBRARY = "libc++";
				CLANG_ENABLE_MODULES = YES;
				CLANG_ENABLE_OBJC_ARC = YES;
				CLANG_ENABLE_OBJC_WEAK = YES;
				CLANG_WARN_BLOCK_CAPTURE_AUTORELEASING = YES;
				CLANG_WARN_BOOL_CONVERSION = YES;
				CLANG_WARN_COMMA = YES;
				CLANG_WARN_CONSTANT_CONVERSION = YES;
				CLANG_WARN_DEPRECATED_OBJC_IMPLEMENTATIONS = YES;
				CLANG_WARN_DIRECT_OBJC_ISA_USAGE = YES_ERROR;
				CLANG_WARN_DOCUMENTATION_COMMENTS = YES;
				CLANG_WARN_EMPTY_BODY = YES;
				CLANG_WARN_ENUM_CONVERSION = YES;
				CLANG_WARN_INFINITE_RECURSION = YES;
				CLANG_WARN_INT_CONVERSION = YES;
				CLANG_WARN_NON_LITERAL_NULL_CONVERSION = YES;
				CLANG_WARN_OBJC_IMPLICIT_RETAIN_SELF = YES;
				CLANG_WARN_OBJC_LITERAL_CONVERSION = YES;
				CLANG_WARN_OBJC_ROOT_CLASS = YES_ERROR;
				CLANG_WARN_RANGE_LOOP_ANALYSIS = YES;
				CLANG_WARN_STRICT_PROTOTYPES = YES;
				CLANG_WARN_SUSPICIOUS_MOVE = YES;
				CLANG_WARN_UNGUARDED_AVAILABILITY = YES_AGGRESSIVE;
				CLANG_WARN_UNREACHABLE_CODE = YES;
				CLANG_WARN__DUPLICATE_METHOD_MATCH = YES;
				CODE_SIGN_IDENTITY = "iPhone Developer";
				COPY_PHASE_STRIP = NO;
				DEBUG_INFORMATION_FORMAT = "dwarf-with-dsym";
				ENABLE_NS_ASSERTIONS = NO;
				ENABLE_STRICT_OBJC_MSGSEND = YES;
				GCC_C_LANGUAGE_STANDARD = gnu11;
				GCC_NO_COMMON_BLOCKS = YES;
				GCC_WARN_64_TO_32_BIT_CONVERSION = YES;
				GCC_WARN_ABOUT_RETURN_TYPE = YES_ERROR;
				GCC_WARN_UNDECLARED_SELECTOR = YES;
				GCC_WARN_UNINITIALIZED_AUTOS = YES_AGGRESSIVE;
				GCC_WARN_UNUSED_FUNCTION = YES;
				GCC_WARN_UNUSED_VARIABLE = YES;
				IPHONEOS_DEPLOYMENT_TARGET = 12.2;
				MTL_ENABLE_DEBUG_INFO = NO;
				MTL_FAST_MATH = YES;
				SDKROOT = iphoneos;
				SWIFT_COMPILATION_MODE = wholemodule;
				SWIFT_OPTIMIZATION_LEVEL = "-O";
				VALIDATE_PRODUCT = YES;
			};
			name = Release;
		};
		C5FEB28C22EF0EAF001EC21D /* Debug */ = {
			isa = XCBuildConfiguration;
			buildSettings = {
				ASSETCATALOG_COMPILER_APPICON_NAME = AppIcon;
				CODE_SIGN_STYLE = Automatic;
				DEVELOPMENT_TEAM = 6HRD7URR3P;
				INFOPLIST_FILE = DesignPatternMediatorExample/Info.plist;
				LD_RUNPATH_SEARCH_PATHS = (
					"$(inherited)",
					"@executable_path/Frameworks",
				);
				PRODUCT_BUNDLE_IDENTIFIER = me.ihormyroniuk.DesignPatternMediatorExample;
				PRODUCT_NAME = "$(TARGET_NAME)";
				SWIFT_VERSION = 5.0;
				TARGETED_DEVICE_FAMILY = "1,2";
			};
			name = Debug;
		};
		C5FEB28D22EF0EAF001EC21D /* Release */ = {
			isa = XCBuildConfiguration;
			buildSettings = {
				ASSETCATALOG_COMPILER_APPICON_NAME = AppIcon;
				CODE_SIGN_STYLE = Automatic;
				DEVELOPMENT_TEAM = 6HRD7URR3P;
				INFOPLIST_FILE = DesignPatternMediatorExample/Info.plist;
				LD_RUNPATH_SEARCH_PATHS = (
					"$(inherited)",
					"@executable_path/Frameworks",
				);
				PRODUCT_BUNDLE_IDENTIFIER = me.ihormyroniuk.DesignPatternMediatorExample;
				PRODUCT_NAME = "$(TARGET_NAME)";
				SWIFT_VERSION = 5.0;
				TARGETED_DEVICE_FAMILY = "1,2";
			};
			name = Release;
		};
/* End XCBuildConfiguration section */

/* Begin XCConfigurationList section */
		C5FEB27422EF0EAE001EC21D /* Build configuration list for PBXProject "DesignPatternMediatorExample" */ = {
			isa = XCConfigurationList;
			buildConfigurations = (
				C5FEB28922EF0EAF001EC21D /* Debug */,
				C5FEB28A22EF0EAF001EC21D /* Release */,
			);
			defaultConfigurationIsVisible = 0;
			defaultConfigurationName = Release;
		};
		C5FEB28B22EF0EAF001EC21D /* Build configuration list for PBXNativeTarget "DesignPatternMediatorExample" */ = {
			isa = XCConfigurationList;
			buildConfigurations = (
				C5FEB28C22EF0EAF001EC21D /* Debug */,
				C5FEB28D22EF0EAF001EC21D /* Release */,
			);
			defaultConfigurationIsVisible = 0;
			defaultConfigurationName = Release;
		};
/* End XCConfigurationList section */
	};
	rootObject = C5FEB27122EF0EAE001EC21D /* Project object */;
}
